
Microsoft Visual Studio Solution File, Format Version 12.00
# Visual Studio 15
VisualStudioVersion = 15.0.27130.2026
MinimumVisualStudioVersion = 10.0.40219.1
Project("{F184B08F-C81C-45F6-A57F-5ABD9991F28F}") = "WxUV", "WxUV\WxUV.vbproj", "{589BCB61-686F-4CE1-AAF9-989D7C33A4A1}"
EndProject
Global
	GlobalSection(SolutionConfigurationPlatforms) = preSolution
		Debug|Any CPU = Debug|Any CPU
		Release|Any CPU = Release|Any CPU
	EndGlobalSection
	GlobalSection(ProjectConfigurationPlatforms) = postSolution
		{589BCB61-686F-4CE1-AAF9-989D7C33A4A1}.Debug|Any CPU.ActiveCfg = Debug|Any CPU
		{589BCB61-686F-4CE1-AAF9-989D7C33A4A1}.Debug|Any CPU.Build.0 = Debug|Any CPU
		{589BCB61-686F-4CE1-AAF9-989D7C33A4A1}.Release|Any CPU.ActiveCfg = Release|Any CPU
		{589BCB61-686F-4CE1-AAF9-989D7C33A4A1}.Release|Any CPU.Build.0 = Release|Any CPU
	EndGlobalSection
	GlobalSection(SolutionProperties) = preSolution
		HideSolutionNode = FALSE
	EndGlobalSection
	GlobalSection(ExtensibilityGlobals) = postSolution
		SolutionGuid = {12D8D986-A51D-4D6F-AD98-CBA295CDC63D}
	EndGlobalSection
EndGlobal
