
Microsoft Visual Studio Solution File, Format Version 12.00
# Visual Studio Version 16
VisualStudioVersion = 16.0.29613.14
MinimumVisualStudioVersion = 10.0.40219.1
Project("{F184B08F-C81C-45F6-A57F-5ABD9991F28F}") = "WxUV", "WxUV\WxUV.vbproj", "{589BCB61-686F-4CE1-AAF9-989D7C33A4A1}"
EndProject
Project("{2150E333-8FDC-42A3-9474-1A3956D46DE8}") = "Solution Items", "Solution Items", "{45DEF57D-6FB3-4C94-8B27-F3C9493EAB69}"
	ProjectSection(SolutionItems) = preProject
		.editorconfig = .editorconfig
	EndProjectSection
EndProject
Global
	GlobalSection(SolutionConfigurationPlatforms) = preSolution
		Debug|Any CPU = Debug|Any CPU
		Release|Any CPU = Release|Any CPU
	EndGlobalSection
	GlobalSection(ProjectConfigurationPlatforms) = postSolution
		{589BCB61-686F-4CE1-AAF9-989D7C33A4A1}.Debug|Any CPU.ActiveCfg = Debug|Any CPU
		{589BCB61-686F-4CE1-AAF9-989D7C33A4A1}.Debug|Any CPU.Build.0 = Debug|Any CPU
		{589BCB61-686F-4CE1-AAF9-989D7C33A4A1}.Release|Any CPU.ActiveCfg = Release|Any CPU
		{589BCB61-686F-4CE1-AAF9-989D7C33A4A1}.Release|Any CPU.Build.0 = Release|Any CPU
	EndGlobalSection
	GlobalSection(SolutionProperties) = preSolution
		HideSolutionNode = FALSE
	EndGlobalSection
	GlobalSection(ExtensibilityGlobals) = postSolution
		SolutionGuid = {12D8D986-A51D-4D6F-AD98-CBA295CDC63D}
	EndGlobalSection
EndGlobal
